
Microsoft Visual Studio Solution File, Format Version 12.00
# Visual Studio Version 17
VisualStudioVersion = 17.9.34728.123
MinimumVisualStudioVersion = 10.0.40219.1
Project("{8BC9CEB8-8B4A-11D0-8D11-00A0C91BC942}") = "冒泡排序", "冒泡排序.vcxproj", "{4FA408F4-CE60-4CAF-BD76-B2236C1CAE8A}"
EndProject
Global
	GlobalSection(SolutionConfigurationPlatforms) = preSolution
		Debug|x64 = Debug|x64
		Debug|x86 = Debug|x86
		Release|x64 = Release|x64
		Release|x86 = Release|x86
	EndGlobalSection
	GlobalSection(ProjectConfigurationPlatforms) = postSolution
		{4FA408F4-CE60-4CAF-BD76-B2236C1CAE8A}.Debug|x64.ActiveCfg = Debug|x64
		{4FA408F4-CE60-4CAF-BD76-B2236C1CAE8A}.Debug|x64.Build.0 = Debug|x64
		{4FA408F4-CE60-4CAF-BD76-B2236C1CAE8A}.Debug|x86.ActiveCfg = Debug|Win32
		{4FA408F4-CE60-4CAF-BD76-B2236C1CAE8A}.Debug|x86.Build.0 = Debug|Win32
		{4FA408F4-CE60-4CAF-BD76-B2236C1CAE8A}.Release|x64.ActiveCfg = Release|x64
		{4FA408F4-CE60-4CAF-BD76-B2236C1CAE8A}.Release|x64.Build.0 = Release|x64
		{4FA408F4-CE60-4CAF-BD76-B2236C1CAE8A}.Release|x86.ActiveCfg = Release|Win32
		{4FA408F4-CE60-4CAF-BD76-B2236C1CAE8A}.Release|x86.Build.0 = Release|Win32
	EndGlobalSection
	GlobalSection(SolutionProperties) = preSolution
		HideSolutionNode = FALSE
	EndGlobalSection
	GlobalSection(ExtensibilityGlobals) = postSolution
		SolutionGuid = {8D935BEA-43B5-4FE3-917C-9C401F73EB6C}
	EndGlobalSection
EndGlobal
